
Microsoft Visual Studio Solution File, Format Version 12.00
# Visual Studio Version 16
VisualStudioVersion = 25.0.1705.0
MinimumVisualStudioVersion = 10.0.40219.1
Project("{FAE04EC0-301F-11D3-BF4B-00C04F79EFBC}") = "DapperExercise", "DapperExercise\DapperExercise.csproj", "{64D494A7-6A8D-4B59-BDBF-669BEBF7D9C7}"
EndProject
Global
	GlobalSection(SolutionConfigurationPlatforms) = preSolution
		Debug|Any CPU = Debug|Any CPU
		Release|Any CPU = Release|Any CPU
	EndGlobalSection
	GlobalSection(ProjectConfigurationPlatforms) = postSolution
		{64D494A7-6A8D-4B59-BDBF-669BEBF7D9C7}.Debug|Any CPU.ActiveCfg = Debug|Any CPU
		{64D494A7-6A8D-4B59-BDBF-669BEBF7D9C7}.Debug|Any CPU.Build.0 = Debug|Any CPU
		{64D494A7-6A8D-4B59-BDBF-669BEBF7D9C7}.Release|Any CPU.ActiveCfg = Release|Any CPU
		{64D494A7-6A8D-4B59-BDBF-669BEBF7D9C7}.Release|Any CPU.Build.0 = Release|Any CPU
	EndGlobalSection
	GlobalSection(SolutionProperties) = preSolution
		HideSolutionNode = FALSE
	EndGlobalSection
	GlobalSection(ExtensibilityGlobals) = postSolution
		SolutionGuid = {E130ECDC-7F2C-427C-AAA8-B5A79AF6516A}
	EndGlobalSection
EndGlobal
